
Microsoft Visual Studio Solution File, Format Version 12.00
# Visual Studio Version 16
VisualStudioVersion = 16.0.31129.286
MinimumVisualStudioVersion = 10.0.40219.1
Project("{2150E333-8FDC-42A3-9474-1A3956D46DE8}") = "Tests", "Tests", "{9137A844-6AFA-49F5-AE2E-18A6F23557A4}"
EndProject
Project("{2150E333-8FDC-42A3-9474-1A3956D46DE8}") = "Src", "Src", "{72FA6B74-60BA-4EC2-A174-28F4B2A4CFBA}"
EndProject
Project("{9A19103F-16F7-4668-BE54-9A1E7A4F7556}") = "President.UnitTests", "President.UnitTests\President.UnitTests.csproj", "{8E2562AD-88CE-4892-9FCD-978D6C0163EB}"
EndProject
Project("{9A19103F-16F7-4668-BE54-9A1E7A4F7556}") = "President.Application", "President.Application\President.Application.csproj", "{7F68149B-C014-4E8D-BB43-185A1C7B0C63}"
EndProject
Project("{9A19103F-16F7-4668-BE54-9A1E7A4F7556}") = "President.Domain", "President.Domain\President.Domain.csproj", "{9A05B541-5F58-464C-9F87-F4E6219D6911}"
EndProject
Project("{9A19103F-16F7-4668-BE54-9A1E7A4F7556}") = "President.Infrastructure", "President.Infrastructure\President.Infrastructure.csproj", "{8106AF07-40FD-4DE5-A416-896BF490D71A}"
EndProject
Project("{2150E333-8FDC-42A3-9474-1A3956D46DE8}") = "Presentation", "Presentation", "{7BCA2EEB-DD92-456B-A645-29CC58CD7C9A}"
EndProject
Project("{9A19103F-16F7-4668-BE54-9A1E7A4F7556}") = "President.MobileApp", "Presentations\President.MobileApp\President.MobileApp\President.MobileApp.csproj", "{D70489B5-6225-4F8E-AEB4-B420F94D38B3}"
EndProject
Project("{FAE04EC0-301F-11D3-BF4B-00C04F79EFBC}") = "President.MobileApp.Android", "Presentations\President.MobileApp\President.MobileApp.Android\President.MobileApp.Android.csproj", "{EEBFFBDF-3837-4BBF-BB0C-E1177583174F}"
EndProject
Project("{FAE04EC0-301F-11D3-BF4B-00C04F79EFBC}") = "President.MobileApp.iOS", "Presentations\President.MobileApp\President.MobileApp.iOS\President.MobileApp.iOS.csproj", "{67BD0C3E-870D-4294-932D-6CD6D5D39266}"
EndProject
Project("{FAE04EC0-301F-11D3-BF4B-00C04F79EFBC}") = "President.MobileApp.UWP", "Presentations\President.MobileApp\President.MobileApp.UWP\President.MobileApp.UWP.csproj", "{59258702-97CE-4A4B-B587-9005DE855CB7}"
EndProject
Global
	GlobalSection(SolutionConfigurationPlatforms) = preSolution
		Debug|Any CPU = Debug|Any CPU
		Debug|ARM = Debug|ARM
		Debug|iPhone = Debug|iPhone
		Debug|iPhoneSimulator = Debug|iPhoneSimulator
		Debug|x64 = Debug|x64
		Debug|x86 = Debug|x86
		Release|Any CPU = Release|Any CPU
		Release|ARM = Release|ARM
		Release|iPhone = Release|iPhone
		Release|iPhoneSimulator = Release|iPhoneSimulator
		Release|x64 = Release|x64
		Release|x86 = Release|x86
	EndGlobalSection
	GlobalSection(ProjectConfigurationPlatforms) = postSolution
		{8E2562AD-88CE-4892-9FCD-978D6C0163EB}.Debug|Any CPU.ActiveCfg = Debug|Any CPU
		{8E2562AD-88CE-4892-9FCD-978D6C0163EB}.Debug|Any CPU.Build.0 = Debug|Any CPU
		{8E2562AD-88CE-4892-9FCD-978D6C0163EB}.Debug|ARM.ActiveCfg = Debug|Any CPU
		{8E2562AD-88CE-4892-9FCD-978D6C0163EB}.Debug|ARM.Build.0 = Debug|Any CPU
		{8E2562AD-88CE-4892-9FCD-978D6C0163EB}.Debug|iPhone.ActiveCfg = Debug|Any CPU
		{8E2562AD-88CE-4892-9FCD-978D6C0163EB}.Debug|iPhone.Build.0 = Debug|Any CPU
		{8E2562AD-88CE-4892-9FCD-978D6C0163EB}.Debug|iPhoneSimulator.ActiveCfg = Debug|Any CPU
		{8E2562AD-88CE-4892-9FCD-978D6C0163EB}.Debug|iPhoneSimulator.Build.0 = Debug|Any CPU
		{8E2562AD-88CE-4892-9FCD-978D6C0163EB}.Debug|x64.ActiveCfg = Debug|Any CPU
		{8E2562AD-88CE-4892-9FCD-978D6C0163EB}.Debug|x64.Build.0 = Debug|Any CPU
		{8E2562AD-88CE-4892-9FCD-978D6C0163EB}.Debug|x86.ActiveCfg = Debug|Any CPU
		{8E2562AD-88CE-4892-9FCD-978D6C0163EB}.Debug|x86.Build.0 = Debug|Any CPU
		{8E2562AD-88CE-4892-9FCD-978D6C0163EB}.Release|Any CPU.ActiveCfg = Release|Any CPU
		{8E2562AD-88CE-4892-9FCD-978D6C0163EB}.Release|Any CPU.Build.0 = Release|Any CPU
		{8E2562AD-88CE-4892-9FCD-978D6C0163EB}.Release|ARM.ActiveCfg = Release|Any CPU
		{8E2562AD-88CE-4892-9FCD-978D6C0163EB}.Release|ARM.Build.0 = Release|Any CPU
		{8E2562AD-88CE-4892-9FCD-978D6C0163EB}.Release|iPhone.ActiveCfg = Release|Any CPU
		{8E2562AD-88CE-4892-9FCD-978D6C0163EB}.Release|iPhone.Build.0 = Release|Any CPU
		{8E2562AD-88CE-4892-9FCD-978D6C0163EB}.Release|iPhoneSimulator.ActiveCfg = Release|Any CPU
		{8E2562AD-88CE-4892-9FCD-978D6C0163EB}.Release|iPhoneSimulator.Build.0 = Release|Any CPU
		{8E2562AD-88CE-4892-9FCD-978D6C0163EB}.Release|x64.ActiveCfg = Release|Any CPU
		{8E2562AD-88CE-4892-9FCD-978D6C0163EB}.Release|x64.Build.0 = Release|Any CPU
		{8E2562AD-88CE-4892-9FCD-978D6C0163EB}.Release|x86.ActiveCfg = Release|Any CPU
		{8E2562AD-88CE-4892-9FCD-978D6C0163EB}.Release|x86.Build.0 = Release|Any CPU
		{7F68149B-C014-4E8D-BB43-185A1C7B0C63}.Debug|Any CPU.ActiveCfg = Debug|Any CPU
		{7F68149B-C014-4E8D-BB43-185A1C7B0C63}.Debug|Any CPU.Build.0 = Debug|Any CPU
		{7F68149B-C014-4E8D-BB43-185A1C7B0C63}.Debug|ARM.ActiveCfg = Debug|Any CPU
		{7F68149B-C014-4E8D-BB43-185A1C7B0C63}.Debug|ARM.Build.0 = Debug|Any CPU
		{7F68149B-C014-4E8D-BB43-185A1C7B0C63}.Debug|iPhone.ActiveCfg = Debug|Any CPU
		{7F68149B-C014-4E8D-BB43-185A1C7B0C63}.Debug|iPhone.Build.0 = Debug|Any CPU
		{7F68149B-C014-4E8D-BB43-185A1C7B0C63}.Debug|iPhoneSimulator.ActiveCfg = Debug|Any CPU
		{7F68149B-C014-4E8D-BB43-185A1C7B0C63}.Debug|iPhoneSimulator.Build.0 = Debug|Any CPU
		{7F68149B-C014-4E8D-BB43-185A1C7B0C63}.Debug|x64.ActiveCfg = Debug|Any CPU
		{7F68149B-C014-4E8D-BB43-185A1C7B0C63}.Debug|x64.Build.0 = Debug|Any CPU
		{7F68149B-C014-4E8D-BB43-185A1C7B0C63}.Debug|x86.ActiveCfg = Debug|Any CPU
		{7F68149B-C014-4E8D-BB43-185A1C7B0C63}.Debug|x86.Build.0 = Debug|Any CPU
		{7F68149B-C014-4E8D-BB43-185A1C7B0C63}.Release|Any CPU.ActiveCfg = Release|Any CPU
		{7F68149B-C014-4E8D-BB43-185A1C7B0C63}.Release|Any CPU.Build.0 = Release|Any CPU
		{7F68149B-C014-4E8D-BB43-185A1C7B0C63}.Release|ARM.ActiveCfg = Release|Any CPU
		{7F68149B-C014-4E8D-BB43-185A1C7B0C63}.Release|ARM.Build.0 = Release|Any CPU
		{7F68149B-C014-4E8D-BB43-185A1C7B0C63}.Release|iPhone.ActiveCfg = Release|Any CPU
		{7F68149B-C014-4E8D-BB43-185A1C7B0C63}.Release|iPhone.Build.0 = Release|Any CPU
		{7F68149B-C014-4E8D-BB43-185A1C7B0C63}.Release|iPhoneSimulator.ActiveCfg = Release|Any CPU
		{7F68149B-C014-4E8D-BB43-185A1C7B0C63}.Release|iPhoneSimulator.Build.0 = Release|Any CPU
		{7F68149B-C014-4E8D-BB43-185A1C7B0C63}.Release|x64.ActiveCfg = Release|Any CPU
		{7F68149B-C014-4E8D-BB43-185A1C7B0C63}.Release|x64.Build.0 = Release|Any CPU
		{7F68149B-C014-4E8D-BB43-185A1C7B0C63}.Release|x86.ActiveCfg = Release|Any CPU
		{7F68149B-C014-4E8D-BB43-185A1C7B0C63}.Release|x86.Build.0 = Release|Any CPU
		{9A05B541-5F58-464C-9F87-F4E6219D6911}.Debug|Any CPU.ActiveCfg = Debug|Any CPU
		{9A05B541-5F58-464C-9F87-F4E6219D6911}.Debug|Any CPU.Build.0 = Debug|Any CPU
		{9A05B541-5F58-464C-9F87-F4E6219D6911}.Debug|ARM.ActiveCfg = Debug|Any CPU
		{9A05B541-5F58-464C-9F87-F4E6219D6911}.Debug|ARM.Build.0 = Debug|Any CPU
		{9A05B541-5F58-464C-9F87-F4E6219D6911}.Debug|iPhone.ActiveCfg = Debug|Any CPU
		{9A05B541-5F58-464C-9F87-F4E6219D6911}.Debug|iPhone.Build.0 = Debug|Any CPU
		{9A05B541-5F58-464C-9F87-F4E6219D6911}.Debug|iPhoneSimulator.ActiveCfg = Debug|Any CPU
		{9A05B541-5F58-464C-9F87-F4E6219D6911}.Debug|iPhoneSimulator.Build.0 = Debug|Any CPU
		{9A05B541-5F58-464C-9F87-F4E6219D6911}.Debug|x64.ActiveCfg = Debug|Any CPU
		{9A05B541-5F58-464C-9F87-F4E6219D6911}.Debug|x64.Build.0 = Debug|Any CPU
		{9A05B541-5F58-464C-9F87-F4E6219D6911}.Debug|x86.ActiveCfg = Debug|Any CPU
		{9A05B541-5F58-464C-9F87-F4E6219D6911}.Debug|x86.Build.0 = Debug|Any CPU
		{9A05B541-5F58-464C-9F87-F4E6219D6911}.Release|Any CPU.ActiveCfg = Release|Any CPU
		{9A05B541-5F58-464C-9F87-F4E6219D6911}.Release|Any CPU.Build.0 = Release|Any CPU
		{9A05B541-5F58-464C-9F87-F4E6219D6911}.Release|ARM.ActiveCfg = Release|Any CPU
		{9A05B541-5F58-464C-9F87-F4E6219D6911}.Release|ARM.Build.0 = Release|Any CPU
		{9A05B541-5F58-464C-9F87-F4E6219D6911}.Release|iPhone.ActiveCfg = Release|Any CPU
		{9A05B541-5F58-464C-9F87-F4E6219D6911}.Release|iPhone.Build.0 = Release|Any CPU
		{9A05B541-5F58-464C-9F87-F4E6219D6911}.Release|iPhoneSimulator.ActiveCfg = Release|Any CPU
		{9A05B541-5F58-464C-9F87-F4E6219D6911}.Release|iPhoneSimulator.Build.0 = Release|Any CPU
		{9A05B541-5F58-464C-9F87-F4E6219D6911}.Release|x64.ActiveCfg = Release|Any CPU
		{9A05B541-5F58-464C-9F87-F4E6219D6911}.Release|x64.Build.0 = Release|Any CPU
		{9A05B541-5F58-464C-9F87-F4E6219D6911}.Release|x86.ActiveCfg = Release|Any CPU
		{9A05B541-5F58-464C-9F87-F4E6219D6911}.Release|x86.Build.0 = Release|Any CPU
		{8106AF07-40FD-4DE5-A416-896BF490D71A}.Debug|Any CPU.ActiveCfg = Debug|Any CPU
		{8106AF07-40FD-4DE5-A416-896BF490D71A}.Debug|Any CPU.Build.0 = Debug|Any CPU
		{8106AF07-40FD-4DE5-A416-896BF490D71A}.Debug|ARM.ActiveCfg = Debug|Any CPU
		{8106AF07-40FD-4DE5-A416-896BF490D71A}.Debug|ARM.Build.0 = Debug|Any CPU
		{8106AF07-40FD-4DE5-A416-896BF490D71A}.Debug|iPhone.ActiveCfg = Debug|Any CPU
		{8106AF07-40FD-4DE5-A416-896BF490D71A}.Debug|iPhone.Build.0 = Debug|Any CPU
		{8106AF07-40FD-4DE5-A416-896BF490D71A}.Debug|iPhoneSimulator.ActiveCfg = Debug|Any CPU
		{8106AF07-40FD-4DE5-A416-896BF490D71A}.Debug|iPhoneSimulator.Build.0 = Debug|Any CPU
		{8106AF07-40FD-4DE5-A416-896BF490D71A}.Debug|x64.ActiveCfg = Debug|Any CPU
		{8106AF07-40FD-4DE5-A416-896BF490D71A}.Debug|x64.Build.0 = Debug|Any CPU
		{8106AF07-40FD-4DE5-A416-896BF490D71A}.Debug|x86.ActiveCfg = Debug|Any CPU
		{8106AF07-40FD-4DE5-A416-896BF490D71A}.Debug|x86.Build.0 = Debug|Any CPU
		{8106AF07-40FD-4DE5-A416-896BF490D71A}.Release|Any CPU.ActiveCfg = Release|Any CPU
		{8106AF07-40FD-4DE5-A416-896BF490D71A}.Release|Any CPU.Build.0 = Release|Any CPU
		{8106AF07-40FD-4DE5-A416-896BF490D71A}.Release|ARM.ActiveCfg = Release|Any CPU
		{8106AF07-40FD-4DE5-A416-896BF490D71A}.Release|ARM.Build.0 = Release|Any CPU
		{8106AF07-40FD-4DE5-A416-896BF490D71A}.Release|iPhone.ActiveCfg = Release|Any CPU
		{8106AF07-40FD-4DE5-A416-896BF490D71A}.Release|iPhone.Build.0 = Release|Any CPU
		{8106AF07-40FD-4DE5-A416-896BF490D71A}.Release|iPhoneSimulator.ActiveCfg = Release|Any CPU
		{8106AF07-40FD-4DE5-A416-896BF490D71A}.Release|iPhoneSimulator.Build.0 = Release|Any CPU
		{8106AF07-40FD-4DE5-A416-896BF490D71A}.Release|x64.ActiveCfg = Release|Any CPU
		{8106AF07-40FD-4DE5-A416-896BF490D71A}.Release|x64.Build.0 = Release|Any CPU
		{8106AF07-40FD-4DE5-A416-896BF490D71A}.Release|x86.ActiveCfg = Release|Any CPU
		{8106AF07-40FD-4DE5-A416-896BF490D71A}.Release|x86.Build.0 = Release|Any CPU
		{D70489B5-6225-4F8E-AEB4-B420F94D38B3}.Debug|Any CPU.ActiveCfg = Debug|Any CPU
		{D70489B5-6225-4F8E-AEB4-B420F94D38B3}.Debug|Any CPU.Build.0 = Debug|Any CPU
		{D70489B5-6225-4F8E-AEB4-B420F94D38B3}.Debug|ARM.ActiveCfg = Debug|Any CPU
		{D70489B5-6225-4F8E-AEB4-B420F94D38B3}.Debug|ARM.Build.0 = Debug|Any CPU
		{D70489B5-6225-4F8E-AEB4-B420F94D38B3}.Debug|iPhone.ActiveCfg = Debug|Any CPU
		{D70489B5-6225-4F8E-AEB4-B420F94D38B3}.Debug|iPhone.Build.0 = Debug|Any CPU
		{D70489B5-6225-4F8E-AEB4-B420F94D38B3}.Debug|iPhoneSimulator.ActiveCfg = Debug|Any CPU
		{D70489B5-6225-4F8E-AEB4-B420F94D38B3}.Debug|iPhoneSimulator.Build.0 = Debug|Any CPU
		{D70489B5-6225-4F8E-AEB4-B420F94D38B3}.Debug|x64.ActiveCfg = Debug|Any CPU
		{D70489B5-6225-4F8E-AEB4-B420F94D38B3}.Debug|x64.Build.0 = Debug|Any CPU
		{D70489B5-6225-4F8E-AEB4-B420F94D38B3}.Debug|x86.ActiveCfg = Debug|Any CPU
		{D70489B5-6225-4F8E-AEB4-B420F94D38B3}.Debug|x86.Build.0 = Debug|Any CPU
		{D70489B5-6225-4F8E-AEB4-B420F94D38B3}.Release|Any CPU.ActiveCfg = Release|Any CPU
		{D70489B5-6225-4F8E-AEB4-B420F94D38B3}.Release|Any CPU.Build.0 = Release|Any CPU
		{D70489B5-6225-4F8E-AEB4-B420F94D38B3}.Release|ARM.ActiveCfg = Release|Any CPU
		{D70489B5-6225-4F8E-AEB4-B420F94D38B3}.Release|ARM.Build.0 = Release|Any CPU
		{D70489B5-6225-4F8E-AEB4-B420F94D38B3}.Release|iPhone.ActiveCfg = Release|Any CPU
		{D70489B5-6225-4F8E-AEB4-B420F94D38B3}.Release|iPhone.Build.0 = Release|Any CPU
		{D70489B5-6225-4F8E-AEB4-B420F94D38B3}.Release|iPhoneSimulator.ActiveCfg = Release|Any CPU
		{D70489B5-6225-4F8E-AEB4-B420F94D38B3}.Release|iPhoneSimulator.Build.0 = Release|Any CPU
		{D70489B5-6225-4F8E-AEB4-B420F94D38B3}.Release|x64.ActiveCfg = Release|Any CPU
		{D70489B5-6225-4F8E-AEB4-B420F94D38B3}.Release|x64.Build.0 = Release|Any CPU
		{D70489B5-6225-4F8E-AEB4-B420F94D38B3}.Release|x86.ActiveCfg = Release|Any CPU
		{D70489B5-6225-4F8E-AEB4-B420F94D38B3}.Release|x86.Build.0 = Release|Any CPU
		{EEBFFBDF-3837-4BBF-BB0C-E1177583174F}.Debug|Any CPU.ActiveCfg = Debug|Any CPU
		{EEBFFBDF-3837-4BBF-BB0C-E1177583174F}.Debug|Any CPU.Build.0 = Debug|Any CPU
		{EEBFFBDF-3837-4BBF-BB0C-E1177583174F}.Debug|Any CPU.Deploy.0 = Debug|Any CPU
		{EEBFFBDF-3837-4BBF-BB0C-E1177583174F}.Debug|ARM.ActiveCfg = Debug|Any CPU
		{EEBFFBDF-3837-4BBF-BB0C-E1177583174F}.Debug|ARM.Build.0 = Debug|Any CPU
		{EEBFFBDF-3837-4BBF-BB0C-E1177583174F}.Debug|ARM.Deploy.0 = Debug|Any CPU
		{EEBFFBDF-3837-4BBF-BB0C-E1177583174F}.Debug|iPhone.ActiveCfg = Debug|Any CPU
		{EEBFFBDF-3837-4BBF-BB0C-E1177583174F}.Debug|iPhone.Build.0 = Debug|Any CPU
		{EEBFFBDF-3837-4BBF-BB0C-E1177583174F}.Debug|iPhone.Deploy.0 = Debug|Any CPU
		{EEBFFBDF-3837-4BBF-BB0C-E1177583174F}.Debug|iPhoneSimulator.ActiveCfg = Debug|Any CPU
		{EEBFFBDF-3837-4BBF-BB0C-E1177583174F}.Debug|iPhoneSimulator.Build.0 = Debug|Any CPU
		{EEBFFBDF-3837-4BBF-BB0C-E1177583174F}.Debug|iPhoneSimulator.Deploy.0 = Debug|Any CPU
		{EEBFFBDF-3837-4BBF-BB0C-E1177583174F}.Debug|x64.ActiveCfg = Debug|Any CPU
		{EEBFFBDF-3837-4BBF-BB0C-E1177583174F}.Debug|x64.Build.0 = Debug|Any CPU
		{EEBFFBDF-3837-4BBF-BB0C-E1177583174F}.Debug|x64.Deploy.0 = Debug|Any CPU
		{EEBFFBDF-3837-4BBF-BB0C-E1177583174F}.Debug|x86.ActiveCfg = Debug|Any CPU
		{EEBFFBDF-3837-4BBF-BB0C-E1177583174F}.Debug|x86.Build.0 = Debug|Any CPU
		{EEBFFBDF-3837-4BBF-BB0C-E1177583174F}.Debug|x86.Deploy.0 = Debug|Any CPU
		{EEBFFBDF-3837-4BBF-BB0C-E1177583174F}.Release|Any CPU.ActiveCfg = Release|Any CPU
		{EEBFFBDF-3837-4BBF-BB0C-E1177583174F}.Release|Any CPU.Build.0 = Release|Any CPU
		{EEBFFBDF-3837-4BBF-BB0C-E1177583174F}.Release|Any CPU.Deploy.0 = Release|Any CPU
		{EEBFFBDF-3837-4BBF-BB0C-E1177583174F}.Release|ARM.ActiveCfg = Release|Any CPU
		{EEBFFBDF-3837-4BBF-BB0C-E1177583174F}.Release|ARM.Build.0 = Release|Any CPU
		{EEBFFBDF-3837-4BBF-BB0C-E1177583174F}.Release|ARM.Deploy.0 = Release|Any CPU
		{EEBFFBDF-3837-4BBF-BB0C-E1177583174F}.Release|iPhone.ActiveCfg = Release|Any CPU
		{EEBFFBDF-3837-4BBF-BB0C-E1177583174F}.Release|iPhone.Build.0 = Release|Any CPU
		{EEBFFBDF-3837-4BBF-BB0C-E1177583174F}.Release|iPhone.Deploy.0 = Release|Any CPU
		{EEBFFBDF-3837-4BBF-BB0C-E1177583174F}.Release|iPhoneSimulator.ActiveCfg = Release|Any CPU
		{EEBFFBDF-3837-4BBF-BB0C-E1177583174F}.Release|iPhoneSimulator.Build.0 = Release|Any CPU
		{EEBFFBDF-3837-4BBF-BB0C-E1177583174F}.Release|iPhoneSimulator.Deploy.0 = Release|Any CPU
		{EEBFFBDF-3837-4BBF-BB0C-E1177583174F}.Release|x64.ActiveCfg = Release|Any CPU
		{EEBFFBDF-3837-4BBF-BB0C-E1177583174F}.Release|x64.Build.0 = Release|Any CPU
		{EEBFFBDF-3837-4BBF-BB0C-E1177583174F}.Release|x64.Deploy.0 = Release|Any CPU
		{EEBFFBDF-3837-4BBF-BB0C-E1177583174F}.Release|x86.ActiveCfg = Release|Any CPU
		{EEBFFBDF-3837-4BBF-BB0C-E1177583174F}.Release|x86.Build.0 = Release|Any CPU
		{EEBFFBDF-3837-4BBF-BB0C-E1177583174F}.Release|x86.Deploy.0 = Release|Any CPU
		{67BD0C3E-870D-4294-932D-6CD6D5D39266}.Debug|Any CPU.ActiveCfg = Debug|iPhoneSimulator
		{67BD0C3E-870D-4294-932D-6CD6D5D39266}.Debug|ARM.ActiveCfg = Debug|iPhoneSimulator
		{67BD0C3E-870D-4294-932D-6CD6D5D39266}.Debug|iPhone.ActiveCfg = Debug|iPhone
		{67BD0C3E-870D-4294-932D-6CD6D5D39266}.Debug|iPhone.Build.0 = Debug|iPhone
		{67BD0C3E-870D-4294-932D-6CD6D5D39266}.Debug|iPhoneSimulator.ActiveCfg = Debug|iPhoneSimulator
		{67BD0C3E-870D-4294-932D-6CD6D5D39266}.Debug|iPhoneSimulator.Build.0 = Debug|iPhoneSimulator
		{67BD0C3E-870D-4294-932D-6CD6D5D39266}.Debug|x64.ActiveCfg = Debug|iPhoneSimulator
		{67BD0C3E-870D-4294-932D-6CD6D5D39266}.Debug|x86.ActiveCfg = Debug|iPhoneSimulator
		{67BD0C3E-870D-4294-932D-6CD6D5D39266}.Release|Any CPU.ActiveCfg = Release|iPhoneSimulator
		{67BD0C3E-870D-4294-932D-6CD6D5D39266}.Release|ARM.ActiveCfg = Release|iPhoneSimulator
		{67BD0C3E-870D-4294-932D-6CD6D5D39266}.Release|iPhone.ActiveCfg = Release|iPhone
		{67BD0C3E-870D-4294-932D-6CD6D5D39266}.Release|iPhone.Build.0 = Release|iPhone
		{67BD0C3E-870D-4294-932D-6CD6D5D39266}.Release|iPhoneSimulator.ActiveCfg = Release|iPhoneSimulator
		{67BD0C3E-870D-4294-932D-6CD6D5D39266}.Release|iPhoneSimulator.Build.0 = Release|iPhoneSimulator
		{67BD0C3E-870D-4294-932D-6CD6D5D39266}.Release|x64.ActiveCfg = Release|iPhoneSimulator
		{67BD0C3E-870D-4294-932D-6CD6D5D39266}.Release|x86.ActiveCfg = Release|iPhoneSimulator
		{59258702-97CE-4A4B-B587-9005DE855CB7}.Debug|Any CPU.ActiveCfg = Debug|x86
		{59258702-97CE-4A4B-B587-9005DE855CB7}.Debug|Any CPU.Build.0 = Debug|x86
		{59258702-97CE-4A4B-B587-9005DE855CB7}.Debug|Any CPU.Deploy.0 = Debug|x86
		{59258702-97CE-4A4B-B587-9005DE855CB7}.Debug|ARM.ActiveCfg = Debug|ARM
		{59258702-97CE-4A4B-B587-9005DE855CB7}.Debug|ARM.Build.0 = Debug|ARM
		{59258702-97CE-4A4B-B587-9005DE855CB7}.Debug|ARM.Deploy.0 = Debug|ARM
		{59258702-97CE-4A4B-B587-9005DE855CB7}.Debug|iPhone.ActiveCfg = Debug|x86
		{59258702-97CE-4A4B-B587-9005DE855CB7}.Debug|iPhoneSimulator.ActiveCfg = Debug|x86
		{59258702-97CE-4A4B-B587-9005DE855CB7}.Debug|x64.ActiveCfg = Debug|x64
		{59258702-97CE-4A4B-B587-9005DE855CB7}.Debug|x64.Build.0 = Debug|x64
		{59258702-97CE-4A4B-B587-9005DE855CB7}.Debug|x64.Deploy.0 = Debug|x64
		{59258702-97CE-4A4B-B587-9005DE855CB7}.Debug|x86.ActiveCfg = Debug|x86
		{59258702-97CE-4A4B-B587-9005DE855CB7}.Debug|x86.Build.0 = Debug|x86
		{59258702-97CE-4A4B-B587-9005DE855CB7}.Debug|x86.Deploy.0 = Debug|x86
		{59258702-97CE-4A4B-B587-9005DE855CB7}.Release|Any CPU.ActiveCfg = Release|x86
		{59258702-97CE-4A4B-B587-9005DE855CB7}.Release|ARM.ActiveCfg = Release|ARM
		{59258702-97CE-4A4B-B587-9005DE855CB7}.Release|ARM.Build.0 = Release|ARM
		{59258702-97CE-4A4B-B587-9005DE855CB7}.Release|ARM.Deploy.0 = Release|ARM
		{59258702-97CE-4A4B-B587-9005DE855CB7}.Release|iPhone.ActiveCfg = Release|x86
		{59258702-97CE-4A4B-B587-9005DE855CB7}.Release|iPhoneSimulator.ActiveCfg = Release|x86
		{59258702-97CE-4A4B-B587-9005DE855CB7}.Release|x64.ActiveCfg = Release|x64
		{59258702-97CE-4A4B-B587-9005DE855CB7}.Release|x64.Build.0 = Release|x64
		{59258702-97CE-4A4B-B587-9005DE855CB7}.Release|x64.Deploy.0 = Release|x64
		{59258702-97CE-4A4B-B587-9005DE855CB7}.Release|x86.ActiveCfg = Release|x86
		{59258702-97CE-4A4B-B587-9005DE855CB7}.Release|x86.Build.0 = Release|x86
		{59258702-97CE-4A4B-B587-9005DE855CB7}.Release|x86.Deploy.0 = Release|x86
	EndGlobalSection
	GlobalSection(SolutionProperties) = preSolution
		HideSolutionNode = FALSE
	EndGlobalSection
	GlobalSection(NestedProjects) = preSolution
		{8E2562AD-88CE-4892-9FCD-978D6C0163EB} = {9137A844-6AFA-49F5-AE2E-18A6F23557A4}
		{7F68149B-C014-4E8D-BB43-185A1C7B0C63} = {72FA6B74-60BA-4EC2-A174-28F4B2A4CFBA}
		{9A05B541-5F58-464C-9F87-F4E6219D6911} = {72FA6B74-60BA-4EC2-A174-28F4B2A4CFBA}
		{8106AF07-40FD-4DE5-A416-896BF490D71A} = {72FA6B74-60BA-4EC2-A174-28F4B2A4CFBA}
		{7BCA2EEB-DD92-456B-A645-29CC58CD7C9A} = {72FA6B74-60BA-4EC2-A174-28F4B2A4CFBA}
		{D70489B5-6225-4F8E-AEB4-B420F94D38B3} = {7BCA2EEB-DD92-456B-A645-29CC58CD7C9A}
		{EEBFFBDF-3837-4BBF-BB0C-E1177583174F} = {7BCA2EEB-DD92-456B-A645-29CC58CD7C9A}
		{67BD0C3E-870D-4294-932D-6CD6D5D39266} = {7BCA2EEB-DD92-456B-A645-29CC58CD7C9A}
		{59258702-97CE-4A4B-B587-9005DE855CB7} = {7BCA2EEB-DD92-456B-A645-29CC58CD7C9A}
	EndGlobalSection
	GlobalSection(ExtensibilityGlobals) = postSolution
		SolutionGuid = {35B9996C-E80B-4617-AD4F-005418521DFD}
	EndGlobalSection
EndGlobal
